lockfileVersion: '9.0'

settings:
  autoInstallPeers: true
  excludeLinksFromLockfile: false

importers:

  .:
    dependencies:
      passport-google-oauth20:
        specifier: ^2.0.0
        version: 2.0.0
      passport-kakao:
        specifier: ^1.0.1
        version: 1.0.1
      passport-naver:
        specifier: ^1.0.6
        version: 1.0.6
      pnpm:
        specifier: ^10.13.1
        version: 10.13.1
    devDependencies:
      '@types/passport-google-oauth20':
        specifier: ^2.0.16
        version: 2.0.16
      '@types/passport-kakao':
        specifier: ^1.0.3
        version: 1.0.3

packages:

  '@types/body-parser@1.19.6':
    resolution: {integrity: sha512-HLFeCYgz89uk22N5Qg3dvGvsv46B8GLvKKo1zKG4NybA8U2DiEO3w9lqGg29t/tfLRJpJ6iQxnVw4OnB7MoM9g==}

  '@types/connect@3.4.38':
    resolution: {integrity: sha512-K6uROf1LD88uDQqJCktA4yzL1YYAK6NgfsI0v/mTgyPKWsX1CnJ0XPSDhViejru1GcRkLWb8RlzFYJRqGUbaug==}

  '@types/express-serve-static-core@5.0.7':
    resolution: {integrity: sha512-R+33OsgWw7rOhD1emjU7dzCDHucJrgJXMA5PYCzJxVil0dsyx5iBEPHqpPfiKNJQb7lZ1vxwoLR4Z87bBUpeGQ==}

  '@types/express@5.0.3':
    resolution: {integrity: sha512-wGA0NX93b19/dZC1J18tKWVIYWyyF2ZjT9vin/NRu0qzzvfVzWjs04iq2rQ3H65vCTQYlRqs3YHfY7zjdV+9Kw==}

  '@types/http-errors@2.0.5':
    resolution: {integrity: sha512-r8Tayk8HJnX0FztbZN7oVqGccWgw98T/0neJphO91KkmOzug1KkofZURD4UaD5uH8AqcFLfdPErnBod0u71/qg==}

  '@types/mime@1.3.5':
    resolution: {integrity: sha512-/pyBZWSLD2n0dcHE3hq8s8ZvcETHtEuF+3E7XVt0Ig2nvsVQXdghHVcEkIWjy9A0wKfTn97a/PSDYohKIlnP/w==}

  '@types/node@24.1.0':
    resolution: {integrity: sha512-ut5FthK5moxFKH2T1CUOC6ctR67rQRvvHdFLCD2Ql6KXmMuCrjsSsRI9UsLCm9M18BMwClv4pn327UvB7eeO1w==}

  '@types/oauth@0.9.6':
    resolution: {integrity: sha512-H9TRCVKBNOhZZmyHLqFt9drPM9l+ShWiqqJijU1B8P3DX3ub84NjxDuy+Hjrz+fEca5Kwip3qPMKNyiLgNJtIA==}

  '@types/passport-google-oauth20@2.0.16':
    resolution: {integrity: sha512-ayXK2CJ7uVieqhYOc6k/pIr5pcQxOLB6kBev+QUGS7oEZeTgIs1odDobXRqgfBPvXzl0wXCQHftV5220czZCPA==}

  '@types/passport-kakao@1.0.3':
    resolution: {integrity: sha512-McK5kpeiOptvjIPkiA/QS3k82//z5JM7Y3yBLMDvEA0QMMhFMcWUHhyebL1Qy+0i0n8jS+Oe4U6xAvkU22SXXA==}

  '@types/passport-oauth2@1.8.0':
    resolution: {integrity: sha512-6//z+4orIOy/g3zx17HyQ71GSRK4bs7Sb+zFasRoc2xzlv7ZCJ+vkDBYFci8U6HY+or6Zy7ajf4mz4rK7nsWJQ==}

  '@types/passport@1.0.17':
    resolution: {integrity: sha512-aciLyx+wDwT2t2/kJGJR2AEeBz0nJU4WuRX04Wu9Dqc5lSUtwu0WERPHYsLhF9PtseiAMPBGNUOtFjxZ56prsg==}

  '@types/qs@6.14.0':
    resolution: {integrity: sha512-eOunJqu0K1923aExK6y8p6fsihYEn/BYuQ4g0CxAAgFc4b/ZLN4CrsRZ55srTdqoiLzU2B2evC+apEIxprEzkQ==}

  '@types/range-parser@1.2.7':
    resolution: {integrity: sha512-hKormJbkJqzQGhziax5PItDUTMAM9uE2XXQmM37dyd4hVM+5aVl7oVxMVUiVQn2oCQFN/LKCZdvSM0pFRqbSmQ==}

  '@types/send@0.17.5':
    resolution: {integrity: sha512-z6F2D3cOStZvuk2SaP6YrwkNO65iTZcwA2ZkSABegdkAh/lf+Aa/YQndZVfmEXT5vgAp6zv06VQ3ejSVjAny4w==}

  '@types/serve-static@1.15.8':
    resolution: {integrity: sha512-roei0UY3LhpOJvjbIP6ZZFngyLKl5dskOtDhxY5THRSpO+ZI+nzJ+m5yUMzGrp89YRa7lvknKkMYjqQFGwA7Sg==}

  base64url@3.0.1:
    resolution: {integrity: sha512-ir1UPr3dkwexU7FdV8qBBbNDRUhMmIekYMFZfi+C/sLNnRESKPl23nB9b2pltqfOQNnGzsDdId90AEtG5tCx4A==}
    engines: {node: '>=6.0.0'}

  oauth@0.10.2:
    resolution: {integrity: sha512-JtFnB+8nxDEXgNyniwz573xxbKSOu3R8D40xQKqcjwJ2CDkYqUDI53o6IuzDJBx60Z8VKCm271+t8iFjakrl8Q==}

  oauth@0.9.15:
    resolution: {integrity: sha512-a5ERWK1kh38ExDEfoO6qUHJb32rd7aYmPHuyCu3Fta/cnICvYmgd2uhuKXvPD+PXB+gCEYYEaQdIRAjCOwAKNA==}

  passport-google-oauth20@2.0.0:
    resolution: {integrity: sha512-KSk6IJ15RoxuGq7D1UKK/8qKhNfzbLeLrG3gkLZ7p4A6DBCcv7xpyQwuXtWdpyR0+E0mwkpjY1VfPOhxQrKzdQ==}
    engines: {node: '>= 0.4.0'}

  passport-kakao@1.0.1:
    resolution: {integrity: sha512-uItaYRVrTHL6iGPMnMZvPa/O1GrAdh/V6EMjOHcFlQcVroZ9wgG7BZ5PonMNJCxfHQ3L2QVNRnzhKWUzSsumbw==}

  passport-naver@1.0.6:
    resolution: {integrity: sha512-5XEbJesiPVshwE0cTDvbbJrOiYSJ9VFRJTctqiZL1Xip6qOi9n7d49UesOqavLT+Ry8C7aw3zdzbmWosqHcQ/Q==}

  passport-oauth1@1.3.0:
    resolution: {integrity: sha512-8T/nX4gwKTw0PjxP1xfD0QhrydQNakzeOpZ6M5Uqdgz9/a/Ag62RmJxnZQ4LkbdXGrRehQHIAHNAu11rCP46Sw==}
    engines: {node: '>= 0.4.0'}

  passport-oauth2@1.1.2:
    resolution: {integrity: sha512-wpsGtJDHHQUjyc9WcV9FFB0bphFExpmKtzkQrxpH1vnSr6RcWa3ZEGHx/zGKAh2PN7Po9TKYB1fJeOiIBspNPA==}
    engines: {node: '>= 0.4.0'}

  passport-oauth2@1.8.0:
    resolution: {integrity: sha512-cjsQbOrXIDE4P8nNb3FQRCCmJJ/utnFKEz2NX209f7KOHPoX18gF7gBzBbLLsj2/je4KrgiwLLGjf0lm9rtTBA==}
    engines: {node: '>= 0.4.0'}

  passport-oauth@1.0.0:
    resolution: {integrity: sha512-4IZNVsZbN1dkBzmEbBqUxDG8oFOIK81jqdksE3HEb/vI3ib3FMjbiZZ6MTtooyYZzmKu0BfovjvT1pdGgIq+4Q==}
    engines: {node: '>= 0.4.0'}

  passport-strategy@1.0.0:
    resolution: {integrity: sha512-CB97UUvDKJde2V0KDWWB3lyf6PC3FaZP7YxZ2G8OAtn9p4HI9j9JLP9qjOGZFvyl8uwNT8qM+hGnz/n16NI7oA==}
    engines: {node: '>= 0.4.0'}

  pkginfo@0.3.1:
    resolution: {integrity: sha512-yO5feByMzAp96LtP58wvPKSbaKAi/1C4kV9XpTctr6EepnP6F33RBNOiVrdz9BrPA98U2BMFsTNHo44TWcbQ2A==}
    engines: {node: '>= 0.4.0'}

  pnpm@10.13.1:
    resolution: {integrity: sha512-N+vxpcejDV+r4MXfRO6NpMllygxa89urKMOhaBtwolYhjQXIHJwNz3Z+9rhVHrW5YAQrntQwDFkkIzY3fgHPrQ==}
    engines: {node: '>=18.12'}
    hasBin: true

  uid2@0.0.4:
    resolution: {integrity: sha512-IevTus0SbGwQzYh3+fRsAMTVVPOoIVufzacXcHPmdlle1jUpq7BRL+mw3dgeLanvGZdwwbWhRV6XrcFNdBmjWA==}

  underscore@1.13.7:
    resolution: {integrity: sha512-GMXzWtsc57XAtguZgaQViUOzs0KTkk8ojr3/xAxXLITqf/3EMwxC0inyETfDFjH/Krbhuep0HNbbjI9i/q3F3g==}

  undici-types@7.8.0:
    resolution: {integrity: sha512-9UJ2xGDvQ43tYyVMpuHlsgApydB8ZKfVYTsLDhXkFL/6gfkp+U8xTGdh8pMJv1SpZna0zxG1DwsKZsreLbXBxw==}

  utils-merge@1.0.1:
    resolution: {integrity: sha512-pMZTvIkT1d+TFGvDOqodOclx0QWkkgi6Tdoa8gC8ffGAAqz9pzPTZWAybbsHHoED/ztMtkv/VoYTYyShUn81hA==}
    engines: {node: '>= 0.4.0'}

snapshots:

  '@types/body-parser@1.19.6':
    dependencies:
      '@types/connect': 3.4.38
      '@types/node': 24.1.0

  '@types/connect@3.4.38':
    dependencies:
      '@types/node': 24.1.0

  '@types/express-serve-static-core@5.0.7':
    dependencies:
      '@types/node': 24.1.0
      '@types/qs': 6.14.0
      '@types/range-parser': 1.2.7
      '@types/send': 0.17.5

  '@types/express@5.0.3':
    dependencies:
      '@types/body-parser': 1.19.6
      '@types/express-serve-static-core': 5.0.7
      '@types/serve-static': 1.15.8

  '@types/http-errors@2.0.5': {}

  '@types/mime@1.3.5': {}

  '@types/node@24.1.0':
    dependencies:
      undici-types: 7.8.0

  '@types/oauth@0.9.6':
    dependencies:
      '@types/node': 24.1.0

  '@types/passport-google-oauth20@2.0.16':
    dependencies:
      '@types/express': 5.0.3
      '@types/passport': 1.0.17
      '@types/passport-oauth2': 1.8.0

  '@types/passport-kakao@1.0.3':
    dependencies:
      '@types/express': 5.0.3
      '@types/passport': 1.0.17

  '@types/passport-oauth2@1.8.0':
    dependencies:
      '@types/express': 5.0.3
      '@types/oauth': 0.9.6
      '@types/passport': 1.0.17

  '@types/passport@1.0.17':
    dependencies:
      '@types/express': 5.0.3

  '@types/qs@6.14.0': {}

  '@types/range-parser@1.2.7': {}

  '@types/send@0.17.5':
    dependencies:
      '@types/mime': 1.3.5
      '@types/node': 24.1.0

  '@types/serve-static@1.15.8':
    dependencies:
      '@types/http-errors': 2.0.5
      '@types/node': 24.1.0
      '@types/send': 0.17.5

  base64url@3.0.1: {}

  oauth@0.10.2: {}

  oauth@0.9.15: {}

  passport-google-oauth20@2.0.0:
    dependencies:
      passport-oauth2: 1.8.0

  passport-kakao@1.0.1:
    dependencies:
      passport-oauth2: 1.1.2
      pkginfo: 0.3.1

  passport-naver@1.0.6:
    dependencies:
      passport-oauth: 1.0.0
      underscore: 1.13.7

  passport-oauth1@1.3.0:
    dependencies:
      oauth: 0.9.15
      passport-strategy: 1.0.0
      utils-merge: 1.0.1

  passport-oauth2@1.1.2:
    dependencies:
      oauth: 0.9.15
      passport-strategy: 1.0.0
      uid2: 0.0.4

  passport-oauth2@1.8.0:
    dependencies:
      base64url: 3.0.1
      oauth: 0.10.2
      passport-strategy: 1.0.0
      uid2: 0.0.4
      utils-merge: 1.0.1

  passport-oauth@1.0.0:
    dependencies:
      passport-oauth1: 1.3.0
      passport-oauth2: 1.8.0

  passport-strategy@1.0.0: {}

  pkginfo@0.3.1: {}

  pnpm@10.13.1: {}

  uid2@0.0.4: {}

  underscore@1.13.7: {}

  undici-types@7.8.0: {}

  utils-merge@1.0.1: {}
